
Microsoft Visual Studio Solution File, Format Version 12.00
# Visual Studio 15
VisualStudioVersion = 15.0.26124.0
MinimumVisualStudioVersion = 15.0.26124.0
Project("{2150E333-8FDC-42A3-9474-1A3956D46DE8}") = "src", "src", "{24FE8BF2-4F26-4568-94D0-985EA54D9ECE}"
EndProject
Project("{FAE04EC0-301F-11D3-BF4B-00C04F79EFBC}") = "GradeBook", "src\GradeBook\GradeBook.csproj", "{573139EB-1227-41AE-BD31-D1B2AF26C8D0}"
EndProject
Project("{2150E333-8FDC-42A3-9474-1A3956D46DE8}") = "test", "test", "{CE909361-38F0-4974-9EC6-4EE992ACE321}"
EndProject
Project("{FAE04EC0-301F-11D3-BF4B-00C04F79EFBC}") = "GradeBook.Tests", "test\GradeBook.Tests\GradeBook.Tests.csproj", "{37185983-2C9D-4B5C-B56D-6417C4604A8B}"
EndProject
Global
	GlobalSection(SolutionConfigurationPlatforms) = preSolution
		Debug|Any CPU = Debug|Any CPU
		Debug|x64 = Debug|x64
		Debug|x86 = Debug|x86
		Release|Any CPU = Release|Any CPU
		Release|x64 = Release|x64
		Release|x86 = Release|x86
	EndGlobalSection
	GlobalSection(SolutionProperties) = preSolution
		HideSolutionNode = FALSE
	EndGlobalSection
	GlobalSection(ProjectConfigurationPlatforms) = postSolution
		{573139EB-1227-41AE-BD31-D1B2AF26C8D0}.Debug|Any CPU.ActiveCfg = Debug|Any CPU
		{573139EB-1227-41AE-BD31-D1B2AF26C8D0}.Debug|Any CPU.Build.0 = Debug|Any CPU
		{573139EB-1227-41AE-BD31-D1B2AF26C8D0}.Debug|x64.ActiveCfg = Debug|Any CPU
		{573139EB-1227-41AE-BD31-D1B2AF26C8D0}.Debug|x64.Build.0 = Debug|Any CPU
		{573139EB-1227-41AE-BD31-D1B2AF26C8D0}.Debug|x86.ActiveCfg = Debug|Any CPU
		{573139EB-1227-41AE-BD31-D1B2AF26C8D0}.Debug|x86.Build.0 = Debug|Any CPU
		{573139EB-1227-41AE-BD31-D1B2AF26C8D0}.Release|Any CPU.ActiveCfg = Release|Any CPU
		{573139EB-1227-41AE-BD31-D1B2AF26C8D0}.Release|Any CPU.Build.0 = Release|Any CPU
		{573139EB-1227-41AE-BD31-D1B2AF26C8D0}.Release|x64.ActiveCfg = Release|Any CPU
		{573139EB-1227-41AE-BD31-D1B2AF26C8D0}.Release|x64.Build.0 = Release|Any CPU
		{573139EB-1227-41AE-BD31-D1B2AF26C8D0}.Release|x86.ActiveCfg = Release|Any CPU
		{573139EB-1227-41AE-BD31-D1B2AF26C8D0}.Release|x86.Build.0 = Release|Any CPU
		{37185983-2C9D-4B5C-B56D-6417C4604A8B}.Debug|Any CPU.ActiveCfg = Debug|Any CPU
		{37185983-2C9D-4B5C-B56D-6417C4604A8B}.Debug|Any CPU.Build.0 = Debug|Any CPU
		{37185983-2C9D-4B5C-B56D-6417C4604A8B}.Debug|x64.ActiveCfg = Debug|Any CPU
		{37185983-2C9D-4B5C-B56D-6417C4604A8B}.Debug|x64.Build.0 = Debug|Any CPU
		{37185983-2C9D-4B5C-B56D-6417C4604A8B}.Debug|x86.ActiveCfg = Debug|Any CPU
		{37185983-2C9D-4B5C-B56D-6417C4604A8B}.Debug|x86.Build.0 = Debug|Any CPU
		{37185983-2C9D-4B5C-B56D-6417C4604A8B}.Release|Any CPU.ActiveCfg = Release|Any CPU
		{37185983-2C9D-4B5C-B56D-6417C4604A8B}.Release|Any CPU.Build.0 = Release|Any CPU
		{37185983-2C9D-4B5C-B56D-6417C4604A8B}.Release|x64.ActiveCfg = Release|Any CPU
		{37185983-2C9D-4B5C-B56D-6417C4604A8B}.Release|x64.Build.0 = Release|Any CPU
		{37185983-2C9D-4B5C-B56D-6417C4604A8B}.Release|x86.ActiveCfg = Release|Any CPU
		{37185983-2C9D-4B5C-B56D-6417C4604A8B}.Release|x86.Build.0 = Release|Any CPU
	EndGlobalSection
	GlobalSection(NestedProjects) = preSolution
		{573139EB-1227-41AE-BD31-D1B2AF26C8D0} = {24FE8BF2-4F26-4568-94D0-985EA54D9ECE}
		{37185983-2C9D-4B5C-B56D-6417C4604A8B} = {CE909361-38F0-4974-9EC6-4EE992ACE321}
	EndGlobalSection
EndGlobal
